// !$*UTF8*$!
{
	archiveVersion = 1;
	classes = {
	};
	objectVersion = 55;
	objects = {

/* Begin PBXBuildFile section */
		512C812328717D0E007DB3C8 /* AppDelegate.swift in Sources */ = {isa = PBXBuildFile; fileRef = 512C812228717D0E007DB3C8 /* AppDelegate.swift */; };
		512C812528717D0E007DB3C8 /* SceneDelegate.swift in Sources */ = {isa = PBXBuildFile; fileRef = 512C812428717D0E007DB3C8 /* SceneDelegate.swift */; };
		512C812728717D0E007DB3C8 /* MainTabbarViewController.swift in Sources */ = {isa = PBXBuildFile; fileRef = 512C812628717D0E007DB3C8 /* MainTabbarViewController.swift */; };
		512C812C28717D10007DB3C8 /* Assets.xcassets in Resources */ = {isa = PBXBuildFile; fileRef = 512C812B28717D10007DB3C8 /* Assets.xcassets */; };
		512C812F28717D10007DB3C8 /* LaunchScreen.storyboard in Resources */ = {isa = PBXBuildFile; fileRef = 512C812D28717D10007DB3C8 /* LaunchScreen.storyboard */; };
		512C813A28717D10007DB3C8 /* TwitterCloneTests.swift in Sources */ = {isa = PBXBuildFile; fileRef = 512C813928717D10007DB3C8 /* TwitterCloneTests.swift */; };
		512C814428717D10007DB3C8 /* TwitterCloneUITests.swift in Sources */ = {isa = PBXBuildFile; fileRef = 512C814328717D10007DB3C8 /* TwitterCloneUITests.swift */; };
		512C814628717D10007DB3C8 /* TwitterCloneUITestsLaunchTests.swift in Sources */ = {isa = PBXBuildFile; fileRef = 512C814528717D10007DB3C8 /* TwitterCloneUITestsLaunchTests.swift */; };
		512C815528718A88007DB3C8 /* HomeViewController.swift in Sources */ = {isa = PBXBuildFile; fileRef = 512C815428718A88007DB3C8 /* HomeViewController.swift */; };
		512C815728718B40007DB3C8 /* SearchViewController.swift in Sources */ = {isa = PBXBuildFile; fileRef = 512C815628718B40007DB3C8 /* SearchViewController.swift */; };
		512C815928718B55007DB3C8 /* NotificationsViewController.swift in Sources */ = {isa = PBXBuildFile; fileRef = 512C815828718B55007DB3C8 /* NotificationsViewController.swift */; };
		512C815B28718B67007DB3C8 /* DirectMessageViewController.swift in Sources */ = {isa = PBXBuildFile; fileRef = 512C815A28718B67007DB3C8 /* DirectMessageViewController.swift */; };
		512C815E2871BEC7007DB3C8 /* TweetTableViewCell.swift in Sources */ = {isa = PBXBuildFile; fileRef = 512C815D2871BEC6007DB3C8 /* TweetTableViewCell.swift */; };
		51F0B5F02873B894009016EE /* ProfileViewController.swift in Sources */ = {isa = PBXBuildFile; fileRef = 51F0B5EF2873B894009016EE /* ProfileViewController.swift */; };
		51F0B5F22873DF1E009016EE /* ProfileTableViewHeader.swift in Sources */ = {isa = PBXBuildFile; fileRef = 51F0B5F12873DF1E009016EE /* ProfileTableViewHeader.swift */; };
/* End PBXBuildFile section */

/* Begin PBXContainerItemProxy section */
		512C813628717D10007DB3C8 /* PBXContainerItemProxy */ = {
			isa = PBXContainerItemProxy;
			containerPortal = 512C811728717D0D007DB3C8 /* Project object */;
			proxyType = 1;
			remoteGlobalIDString = 512C811E28717D0D007DB3C8;
			remoteInfo = TwitterClone;
		};
		512C814028717D10007DB3C8 /* PBXContainerItemProxy */ = {
			isa = PBXContainerItemProxy;
			containerPortal = 512C811728717D0D007DB3C8 /* Project object */;
			proxyType = 1;
			remoteGlobalIDString = 512C811E28717D0D007DB3C8;
			remoteInfo = TwitterClone;
		};
/* End PBXContainerItemProxy section */

/* Begin PBXFileReference section */
		512C811F28717D0E007DB3C8 /* TwitterClone.app */ = {isa = PBXFileReference; explicitFileType = wrapper.application; includeInIndex = 0; path = TwitterClone.app; sourceTree = BUILT_PRODUCTS_DIR; };
		512C812228717D0E007DB3C8 /* AppDelegate.swift */ = {isa = PBXFileReference; lastKnownFileType = sourcecode.swift; path = AppDelegate.swift; sourceTree = "<group>"; };
		512C812428717D0E007DB3C8 /* SceneDelegate.swift */ = {isa = PBXFileReference; lastKnownFileType = sourcecode.swift; path = SceneDelegate.swift; sourceTree = "<group>"; };
		512C812628717D0E007DB3C8 /* MainTabbarViewController.swift */ = {isa = PBXFileReference; lastKnownFileType = sourcecode.swift; path = MainTabbarViewController.swift; sourceTree = "<group>"; };
		512C812B28717D10007DB3C8 /* Assets.xcassets */ = {isa = PBXFileReference; lastKnownFileType = folder.assetcatalog; path = Assets.xcassets; sourceTree = "<group>"; };
		512C812E28717D10007DB3C8 /* Base */ = {isa = PBXFileReference; lastKnownFileType = file.storyboard; name = Base; path = Base.lproj/LaunchScreen.storyboard; sourceTree = "<group>"; };
		512C813028717D10007DB3C8 /* Info.plist */ = {isa = PBXFileReference; lastKnownFileType = text.plist.xml; path = Info.plist; sourceTree = "<group>"; };
		512C813528717D10007DB3C8 /* TwitterCloneTests.xctest */ = {isa = PBXFileReference; explicitFileType = wrapper.cfbundle; includeInIndex = 0; path = TwitterCloneTests.xctest; sourceTree = BUILT_PRODUCTS_DIR; };
		512C813928717D10007DB3C8 /* TwitterCloneTests.swift */ = {isa = PBXFileReference; lastKnownFileType = sourcecode.swift; path = TwitterCloneTests.swift; sourceTree = "<group>"; };
		512C813F28717D10007DB3C8 /* TwitterCloneUITests.xctest */ = {isa = PBXFileReference; explicitFileType = wrapper.cfbundle; includeInIndex = 0; path = TwitterCloneUITests.xctest; sourceTree = BUILT_PRODUCTS_DIR; };
		512C814328717D10007DB3C8 /* TwitterCloneUITests.swift */ = {isa = PBXFileReference; lastKnownFileType = sourcecode.swift; path = TwitterCloneUITests.swift; sourceTree = "<group>"; };
		512C814528717D10007DB3C8 /* TwitterCloneUITestsLaunchTests.swift */ = {isa = PBXFileReference; lastKnownFileType = sourcecode.swift; path = TwitterCloneUITestsLaunchTests.swift; sourceTree = "<group>"; };
		512C815428718A88007DB3C8 /* HomeViewController.swift */ = {isa = PBXFileReference; lastKnownFileType = sourcecode.swift; path = HomeViewController.swift; sourceTree = "<group>"; };
		512C815628718B40007DB3C8 /* SearchViewController.swift */ = {isa = PBXFileReference; lastKnownFileType = sourcecode.swift; path = SearchViewController.swift; sourceTree = "<group>"; };
		512C815828718B55007DB3C8 /* NotificationsViewController.swift */ = {isa = PBXFileReference; lastKnownFileType = sourcecode.swift; path = NotificationsViewController.swift; sourceTree = "<group>"; };
		512C815A28718B67007DB3C8 /* DirectMessageViewController.swift */ = {isa = PBXFileReference; lastKnownFileType = sourcecode.swift; path = DirectMessageViewController.swift; sourceTree = "<group>"; };
		512C815D2871BEC6007DB3C8 /* TweetTableViewCell.swift */ = {isa = PBXFileReference; lastKnownFileType = sourcecode.swift; path = TweetTableViewCell.swift; sourceTree = "<group>"; };
		51F0B5EF2873B894009016EE /* ProfileViewController.swift */ = {isa = PBXFileReference; lastKnownFileType = sourcecode.swift; path = ProfileViewController.swift; sourceTree = "<group>"; };
		51F0B5F12873DF1E009016EE /* ProfileTableViewHeader.swift */ = {isa = PBXFileReference; lastKnownFileType = sourcecode.swift; path = ProfileTableViewHeader.swift; sourceTree = "<group>"; };
/* End PBXFileReference section */

/* Begin PBXFrameworksBuildPhase section */
		512C811C28717D0D007DB3C8 /* Frameworks */ = {
			isa = PBXFrameworksBuildPhase;
			buildActionMask = 2147483647;
			files = (
			);
			runOnlyForDeploymentPostprocessing = 0;
		};
		512C813228717D10007DB3C8 /* Frameworks */ = {
			isa = PBXFrameworksBuildPhase;
			buildActionMask = 2147483647;
			files = (
			);
			runOnlyForDeploymentPostprocessing = 0;
		};
		512C813C28717D10007DB3C8 /* Frameworks */ = {
			isa = PBXFrameworksBuildPhase;
			buildActionMask = 2147483647;
			files = (
			);
			runOnlyForDeploymentPostprocessing = 0;
		};
/* End PBXFrameworksBuildPhase section */

/* Begin PBXGroup section */
		512C811628717D0D007DB3C8 = {
			isa = PBXGroup;
			children = (
				512C812128717D0E007DB3C8 /* TwitterClone */,
				512C813828717D10007DB3C8 /* TwitterCloneTests */,
				512C814228717D10007DB3C8 /* TwitterCloneUITests */,
				512C812028717D0E007DB3C8 /* Products */,
			);
			sourceTree = "<group>";
		};
		512C812028717D0E007DB3C8 /* Products */ = {
			isa = PBXGroup;
			children = (
				512C811F28717D0E007DB3C8 /* TwitterClone.app */,
				512C813528717D10007DB3C8 /* TwitterCloneTests.xctest */,
				512C813F28717D10007DB3C8 /* TwitterCloneUITests.xctest */,
			);
			name = Products;
			sourceTree = "<group>";
		};
		512C812128717D0E007DB3C8 /* TwitterClone */ = {
			isa = PBXGroup;
			children = (
				512C815C2871BE6C007DB3C8 /* Views */,
				512C8152287189D9007DB3C8 /* Controllers */,
				512C812228717D0E007DB3C8 /* AppDelegate.swift */,
				512C812428717D0E007DB3C8 /* SceneDelegate.swift */,
				512C812B28717D10007DB3C8 /* Assets.xcassets */,
				512C812D28717D10007DB3C8 /* LaunchScreen.storyboard */,
				512C813028717D10007DB3C8 /* Info.plist */,
			);
			path = TwitterClone;
			sourceTree = "<group>";
		};
		512C813828717D10007DB3C8 /* TwitterCloneTests */ = {
			isa = PBXGroup;
			children = (
				512C813928717D10007DB3C8 /* TwitterCloneTests.swift */,
			);
			path = TwitterCloneTests;
			sourceTree = "<group>";
		};
		512C814228717D10007DB3C8 /* TwitterCloneUITests */ = {
			isa = PBXGroup;
			children = (
				512C814328717D10007DB3C8 /* TwitterCloneUITests.swift */,
				512C814528717D10007DB3C8 /* TwitterCloneUITestsLaunchTests.swift */,
			);
			path = TwitterCloneUITests;
			sourceTree = "<group>";
		};
		512C8152287189D9007DB3C8 /* Controllers */ = {
			isa = PBXGroup;
			children = (
				51F0B5EE2873B842009016EE /* General */,
				512C8153287189FF007DB3C8 /* Core */,
			);
			path = Controllers;
			sourceTree = "<group>";
		};
		512C8153287189FF007DB3C8 /* Core */ = {
			isa = PBXGroup;
			children = (
				512C812628717D0E007DB3C8 /* MainTabbarViewController.swift */,
				512C815428718A88007DB3C8 /* HomeViewController.swift */,
				512C815628718B40007DB3C8 /* SearchViewController.swift */,
				512C815828718B55007DB3C8 /* NotificationsViewController.swift */,
				512C815A28718B67007DB3C8 /* DirectMessageViewController.swift */,
			);
			path = Core;
			sourceTree = "<group>";
		};
		512C815C2871BE6C007DB3C8 /* Views */ = {
			isa = PBXGroup;
			children = (
				512C815D2871BEC6007DB3C8 /* TweetTableViewCell.swift */,
				51F0B5F12873DF1E009016EE /* ProfileTableViewHeader.swift */,
			);
			path = Views;
			sourceTree = "<group>";
		};
		51F0B5EE2873B842009016EE /* General */ = {
			isa = PBXGroup;
			children = (
				51F0B5EF2873B894009016EE /* ProfileViewController.swift */,
			);
			path = General;
			sourceTree = "<group>";
		};
/* End PBXGroup section */

/* Begin PBXNativeTarget section */
		512C811E28717D0D007DB3C8 /* TwitterClone */ = {
			isa = PBXNativeTarget;
			buildConfigurationList = 512C814928717D10007DB3C8 /* Build configuration list for PBXNativeTarget "TwitterClone" */;
			buildPhases = (
				512C811B28717D0D007DB3C8 /* Sources */,
				512C811C28717D0D007DB3C8 /* Frameworks */,
				512C811D28717D0D007DB3C8 /* Resources */,
			);
			buildRules = (
			);
			dependencies = (
			);
			name = TwitterClone;
			productName = TwitterClone;
			productReference = 512C811F28717D0E007DB3C8 /* TwitterClone.app */;
			productType = "com.apple.product-type.application";
		};
		512C813428717D10007DB3C8 /* TwitterCloneTests */ = {
			isa = PBXNativeTarget;
			buildConfigurationList = 512C814C28717D10007DB3C8 /* Build configuration list for PBXNativeTarget "TwitterCloneTests" */;
			buildPhases = (
				512C813128717D10007DB3C8 /* Sources */,
				512C813228717D10007DB3C8 /* Frameworks */,
				512C813328717D10007DB3C8 /* Resources */,
			);
			buildRules = (
			);
			dependencies = (
				512C813728717D10007DB3C8 /* PBXTargetDependency */,
			);
			name = TwitterCloneTests;
			productName = TwitterCloneTests;
			productReference = 512C813528717D10007DB3C8 /* TwitterCloneTests.xctest */;
			productType = "com.apple.product-type.bundle.unit-test";
		};
		512C813E28717D10007DB3C8 /* TwitterCloneUITests */ = {
			isa = PBXNativeTarget;
			buildConfigurationList = 512C814F28717D10007DB3C8 /* Build configuration list for PBXNativeTarget "TwitterCloneUITests" */;
			buildPhases = (
				512C813B28717D10007DB3C8 /* Sources */,
				512C813C28717D10007DB3C8 /* Frameworks */,
				512C813D28717D10007DB3C8 /* Resources */,
			);
			buildRules = (
			);
			dependencies = (
				512C814128717D10007DB3C8 /* PBXTargetDependency */,
			);
			name = TwitterCloneUITests;
			productName = TwitterCloneUITests;
			productReference = 512C813F28717D10007DB3C8 /* TwitterCloneUITests.xctest */;
			productType = "com.apple.product-type.bundle.ui-testing";
		};
/* End PBXNativeTarget section */

/* Begin PBXProject section */
		512C811728717D0D007DB3C8 /* Project object */ = {
			isa = PBXProject;
			attributes = {
				BuildIndependentTargetsInParallel = 1;
				LastSwiftUpdateCheck = 1340;
				LastUpgradeCheck = 1340;
				TargetAttributes = {
					512C811E28717D0D007DB3C8 = {
						CreatedOnToolsVersion = 13.4.1;
					};
					512C813428717D10007DB3C8 = {
						CreatedOnToolsVersion = 13.4.1;
						TestTargetID = 512C811E28717D0D007DB3C8;
					};
					512C813E28717D10007DB3C8 = {
						CreatedOnToolsVersion = 13.4.1;
						TestTargetID = 512C811E28717D0D007DB3C8;
					};
				};
			};
			buildConfigurationList = 512C811A28717D0D007DB3C8 /* Build configuration list for PBXProject "TwitterClone" */;
			compatibilityVersion = "Xcode 13.0";
			developmentRegion = en;
			hasScannedForEncodings = 0;
			knownRegions = (
				en,
				Base,
			);
			mainGroup = 512C811628717D0D007DB3C8;
			productRefGroup = 512C812028717D0E007DB3C8 /* Products */;
			projectDirPath = "";
			projectRoot = "";
			targets = (
				512C811E28717D0D007DB3C8 /* TwitterClone */,
				512C813428717D10007DB3C8 /* TwitterCloneTests */,
				512C813E28717D10007DB3C8 /* TwitterCloneUITests */,
			);
		};
/* End PBXProject section */

/* Begin PBXResourcesBuildPhase section */
		512C811D28717D0D007DB3C8 /* Resources */ = {
			isa = PBXResourcesBuildPhase;
			buildActionMask = 2147483647;
			files = (
				512C812F28717D10007DB3C8 /* LaunchScreen.storyboard in Resources */,
				512C812C28717D10007DB3C8 /* Assets.xcassets in Resources */,
			);
			runOnlyForDeploymentPostprocessing = 0;
		};
		512C813328717D10007DB3C8 /* Resources */ = {
			isa = PBXResourcesBuildPhase;
			buildActionMask = 2147483647;
			files = (
			);
			runOnlyForDeploymentPostprocessing = 0;
		};
		512C813D28717D10007DB3C8 /* Resources */ = {
			isa = PBXResourcesBuildPhase;
			buildActionMask = 2147483647;
			files = (
			);
			runOnlyForDeploymentPostprocessing = 0;
		};
/* End PBXResourcesBuildPhase section */

/* Begin PBXSourcesBuildPhase section */
		512C811B28717D0D007DB3C8 /* Sources */ = {
			isa = PBXSourcesBuildPhase;
			buildActionMask = 2147483647;
			files = (
				512C815728718B40007DB3C8 /* SearchViewController.swift in Sources */,
				512C812728717D0E007DB3C8 /* MainTabbarViewController.swift in Sources */,
				512C812328717D0E007DB3C8 /* AppDelegate.swift in Sources */,
				512C815928718B55007DB3C8 /* NotificationsViewController.swift in Sources */,
				512C815B28718B67007DB3C8 /* DirectMessageViewController.swift in Sources */,
				512C812528717D0E007DB3C8 /* SceneDelegate.swift in Sources */,
				51F0B5F02873B894009016EE /* ProfileViewController.swift in Sources */,
				512C815528718A88007DB3C8 /* HomeViewController.swift in Sources */,
				51F0B5F22873DF1E009016EE /* ProfileTableViewHeader.swift in Sources */,
				512C815E2871BEC7007DB3C8 /* TweetTableViewCell.swift in Sources */,
			);
			runOnlyForDeploymentPostprocessing = 0;
		};
		512C813128717D10007DB3C8 /* Sources */ = {
			isa = PBXSourcesBuildPhase;
			buildActionMask = 2147483647;
			files = (
				512C813A28717D10007DB3C8 /* TwitterCloneTests.swift in Sources */,
			);
			runOnlyForDeploymentPostprocessing = 0;
		};
		512C813B28717D10007DB3C8 /* Sources */ = {
			isa = PBXSourcesBuildPhase;
			buildActionMask = 2147483647;
			files = (
				512C814628717D10007DB3C8 /* TwitterCloneUITestsLaunchTests.swift in Sources */,
				512C814428717D10007DB3C8 /* TwitterCloneUITests.swift in Sources */,
			);
			runOnlyForDeploymentPostprocessing = 0;
		};
/* End PBXSourcesBuildPhase section */

/* Begin PBXTargetDependency section */
		512C813728717D10007DB3C8 /* PBXTargetDependency */ = {
			isa = PBXTargetDependency;
			target = 512C811E28717D0D007DB3C8 /* TwitterClone */;
			targetProxy = 512C813628717D10007DB3C8 /* PBXContainerItemProxy */;
		};
		512C814128717D10007DB3C8 /* PBXTargetDependency */ = {
			isa = PBXTargetDependency;
			target = 512C811E28717D0D007DB3C8 /* TwitterClone */;
			targetProxy = 512C814028717D10007DB3C8 /* PBXContainerItemProxy */;
		};
/* End PBXTargetDependency section */

/* Begin PBXVariantGroup section */
		512C812D28717D10007DB3C8 /* LaunchScreen.storyboard */ = {
			isa = PBXVariantGroup;
			children = (
				512C812E28717D10007DB3C8 /* Base */,
			);
			name = LaunchScreen.storyboard;
			sourceTree = "<group>";
		};
/* End PBXVariantGroup section */

/* Begin XCBuildConfiguration section */
		512C814728717D10007DB3C8 /* Debug */ = {
			isa = XCBuildConfiguration;
			buildSettings = {
				ALWAYS_SEARCH_USER_PATHS = NO;
				CLANG_ANALYZER_NONNULL = YES;
				CLANG_ANALYZER_NUMBER_OBJECT_CONVERSION = YES_AGGRESSIVE;
				CLANG_CXX_LANGUAGE_STANDARD = "gnu++17";
				CLANG_ENABLE_MODULES = YES;
				CLANG_ENABLE_OBJC_ARC = YES;
				CLANG_ENABLE_OBJC_WEAK = YES;
				CLANG_WARN_BLOCK_CAPTURE_AUTORELEASING = YES;
				CLANG_WARN_BOOL_CONVERSION = YES;
				CLANG_WARN_COMMA = YES;
				CLANG_WARN_CONSTANT_CONVERSION = YES;
				CLANG_WARN_DEPRECATED_OBJC_IMPLEMENTATIONS = YES;
				CLANG_WARN_DIRECT_OBJC_ISA_USAGE = YES_ERROR;
				CLANG_WARN_DOCUMENTATION_COMMENTS = YES;
				CLANG_WARN_EMPTY_BODY = YES;
				CLANG_WARN_ENUM_CONVERSION = YES;
				CLANG_WARN_INFINITE_RECURSION = YES;
				CLANG_WARN_INT_CONVERSION = YES;
				CLANG_WARN_NON_LITERAL_NULL_CONVERSION = YES;
				CLANG_WARN_OBJC_IMPLICIT_RETAIN_SELF = YES;
				CLANG_WARN_OBJC_LITERAL_CONVERSION = YES;
				CLANG_WARN_OBJC_ROOT_CLASS = YES_ERROR;
				CLANG_WARN_QUOTED_INCLUDE_IN_FRAMEWORK_HEADER = YES;
				CLANG_WARN_RANGE_LOOP_ANALYSIS = YES;
				CLANG_WARN_STRICT_PROTOTYPES = YES;
				CLANG_WARN_SUSPICIOUS_MOVE = YES;
				CLANG_WARN_UNGUARDED_AVAILABILITY = YES_AGGRESSIVE;
				CLANG_WARN_UNREACHABLE_CODE = YES;
				CLANG_WARN__DUPLICATE_METHOD_MATCH = YES;
				COPY_PHASE_STRIP = NO;
				DEBUG_INFORMATION_FORMAT = dwarf;
				ENABLE_STRICT_OBJC_MSGSEND = YES;
				ENABLE_TESTABILITY = YES;
				GCC_C_LANGUAGE_STANDARD = gnu11;
				GCC_DYNAMIC_NO_PIC = NO;
				GCC_NO_COMMON_BLOCKS = YES;
				GCC_OPTIMIZATION_LEVEL = 0;
				GCC_PREPROCESSOR_DEFINITIONS = (
					"DEBUG=1",
					"$(inherited)",
				);
				GCC_WARN_64_TO_32_BIT_CONVERSION = YES;
				GCC_WARN_ABOUT_RETURN_TYPE = YES_ERROR;
				GCC_WARN_UNDECLARED_SELECTOR = YES;
				GCC_WARN_UNINITIALIZED_AUTOS = YES_AGGRESSIVE;
				GCC_WARN_UNUSED_FUNCTION = YES;
				GCC_WARN_UNUSED_VARIABLE = YES;
				IPHONEOS_DEPLOYMENT_TARGET = 15.5;
				MTL_ENABLE_DEBUG_INFO = INCLUDE_SOURCE;
				MTL_FAST_MATH = YES;
				ONLY_ACTIVE_ARCH = YES;
				SDKROOT = iphoneos;
				SWIFT_ACTIVE_COMPILATION_CONDITIONS = DEBUG;
				SWIFT_OPTIMIZATION_LEVEL = "-Onone";
			};
			name = Debug;
		};
		512C814828717D10007DB3C8 /* Release */ = {
			isa = XCBuildConfiguration;
			buildSettings = {
				ALWAYS_SEARCH_USER_PATHS = NO;
				CLANG_ANALYZER_NONNULL = YES;
				CLANG_ANALYZER_NUMBER_OBJECT_CONVERSION = YES_AGGRESSIVE;
				CLANG_CXX_LANGUAGE_STANDARD = "gnu++17";
				CLANG_ENABLE_MODULES = YES;
				CLANG_ENABLE_OBJC_ARC = YES;
				CLANG_ENABLE_OBJC_WEAK = YES;
				CLANG_WARN_BLOCK_CAPTURE_AUTORELEASING = YES;
				CLANG_WARN_BOOL_CONVERSION = YES;
				CLANG_WARN_COMMA = YES;
				CLANG_WARN_CONSTANT_CONVERSION = YES;
				CLANG_WARN_DEPRECATED_OBJC_IMPLEMENTATIONS = YES;
				CLANG_WARN_DIRECT_OBJC_ISA_USAGE = YES_ERROR;
				CLANG_WARN_DOCUMENTATION_COMMENTS = YES;
				CLANG_WARN_EMPTY_BODY = YES;
				CLANG_WARN_ENUM_CONVERSION = YES;
				CLANG_WARN_INFINITE_RECURSION = YES;
				CLANG_WARN_INT_CONVERSION = YES;
				CLANG_WARN_NON_LITERAL_NULL_CONVERSION = YES;
				CLANG_WARN_OBJC_IMPLICIT_RETAIN_SELF = YES;
				CLANG_WARN_OBJC_LITERAL_CONVERSION = YES;
				CLANG_WARN_OBJC_ROOT_CLASS = YES_ERROR;
				CLANG_WARN_QUOTED_INCLUDE_IN_FRAMEWORK_HEADER = YES;
				CLANG_WARN_RANGE_LOOP_ANALYSIS = YES;
				CLANG_WARN_STRICT_PROTOTYPES = YES;
				CLANG_WARN_SUSPICIOUS_MOVE = YES;
				CLANG_WARN_UNGUARDED_AVAILABILITY = YES_AGGRESSIVE;
				CLANG_WARN_UNREACHABLE_CODE = YES;
				CLANG_WARN__DUPLICATE_METHOD_MATCH = YES;
				COPY_PHASE_STRIP = NO;
				DEBUG_INFORMATION_FORMAT = "dwarf-with-dsym";
				ENABLE_NS_ASSERTIONS = NO;
				ENABLE_STRICT_OBJC_MSGSEND = YES;
				GCC_C_LANGUAGE_STANDARD = gnu11;
				GCC_NO_COMMON_BLOCKS = YES;
				GCC_WARN_64_TO_32_BIT_CONVERSION = YES;
				GCC_WARN_ABOUT_RETURN_TYPE = YES_ERROR;
				GCC_WARN_UNDECLARED_SELECTOR = YES;
				GCC_WARN_UNINITIALIZED_AUTOS = YES_AGGRESSIVE;
				GCC_WARN_UNUSED_FUNCTION = YES;
				GCC_WARN_UNUSED_VARIABLE = YES;
				IPHONEOS_DEPLOYMENT_TARGET = 15.5;
				MTL_ENABLE_DEBUG_INFO = NO;
				MTL_FAST_MATH = YES;
				SDKROOT = iphoneos;
				SWIFT_COMPILATION_MODE = wholemodule;
				SWIFT_OPTIMIZATION_LEVEL = "-O";
				VALIDATE_PRODUCT = YES;
			};
			name = Release;
		};
		512C814A28717D10007DB3C8 /* Debug */ = {
			isa = XCBuildConfiguration;
			buildSettings = {
				ASSETCATALOG_COMPILER_APPICON_NAME = AppIcon;
				ASSETCATALOG_COMPILER_GLOBAL_ACCENT_COLOR_NAME = AccentColor;
				CODE_SIGN_STYLE = Automatic;
				CURRENT_PROJECT_VERSION = 1;
				DEVELOPMENT_TEAM = M5JCS9BP69;
				GENERATE_INFOPLIST_FILE = YES;
				INFOPLIST_FILE = TwitterClone/Info.plist;
				INFOPLIST_KEY_UIApplicationSupportsIndirectInputEvents = YES;
				INFOPLIST_KEY_UILaunchStoryboardName = LaunchScreen;
				INFOPLIST_KEY_UISupportedInterfaceOrientations_iPad = "UIInterfaceOrientationPortrait UIInterfaceOrientationPortraitUpsideDown UIInterfaceOrientationLandscapeLeft UIInterfaceOrientationLandscapeRight";
				INFOPLIST_KEY_UISupportedInterfaceOrientations_iPhone = "UIInterfaceOrientationPortrait UIInterfaceOrientationLandscapeLeft UIInterfaceOrientationLandscapeRight";
				LD_RUNPATH_SEARCH_PATHS = (
					"$(inherited)",
					"@executable_path/Frameworks",
				);
				MARKETING_VERSION = 1.0;
				PRODUCT_BUNDLE_IDENTIFIER = com.salehmasum.TwitterClone;
				PRODUCT_NAME = "$(TARGET_NAME)";
				SWIFT_EMIT_LOC_STRINGS = YES;
				SWIFT_VERSION = 5.0;
				TARGETED_DEVICE_FAMILY = "1,2";
			};
			name = Debug;
		};
		512C814B28717D10007DB3C8 /* Release */ = {
			isa = XCBuildConfiguration;
			buildSettings = {
				ASSETCATALOG_COMPILER_APPICON_NAME = AppIcon;
				ASSETCATALOG_COMPILER_GLOBAL_ACCENT_COLOR_NAME = AccentColor;
				CODE_SIGN_STYLE = Automatic;
				CURRENT_PROJECT_VERSION = 1;
				DEVELOPMENT_TEAM = M5JCS9BP69;
				GENERATE_INFOPLIST_FILE = YES;
				INFOPLIST_FILE = TwitterClone/Info.plist;
				INFOPLIST_KEY_UIApplicationSupportsIndirectInputEvents = YES;
				INFOPLIST_KEY_UILaunchStoryboardName = LaunchScreen;
				INFOPLIST_KEY_UISupportedInterfaceOrientations_iPad = "UIInterfaceOrientationPortrait UIInterfaceOrientationPortraitUpsideDown UIInterfaceOrientationLandscapeLeft UIInterfaceOrientationLandscapeRight";
				INFOPLIST_KEY_UISupportedInterfaceOrientations_iPhone = "UIInterfaceOrientationPortrait UIInterfaceOrientationLandscapeLeft UIInterfaceOrientationLandscapeRight";
				LD_RUNPATH_SEARCH_PATHS = (
					"$(inherited)",
					"@executable_path/Frameworks",
				);
				MARKETING_VERSION = 1.0;
				PRODUCT_BUNDLE_IDENTIFIER = com.salehmasum.TwitterClone;
				PRODUCT_NAME = "$(TARGET_NAME)";
				SWIFT_EMIT_LOC_STRINGS = YES;
				SWIFT_VERSION = 5.0;
				TARGETED_DEVICE_FAMILY = "1,2";
			};
			name = Release;
		};
		512C814D28717D10007DB3C8 /* Debug */ = {
			isa = XCBuildConfiguration;
			buildSettings = {
				ALWAYS_EMBED_SWIFT_STANDARD_LIBRARIES = YES;
				BUNDLE_LOADER = "$(TEST_HOST)";
				CODE_SIGN_STYLE = Automatic;
				CURRENT_PROJECT_VERSION = 1;
				DEVELOPMENT_TEAM = M5JCS9BP69;
				GENERATE_INFOPLIST_FILE = YES;
				IPHONEOS_DEPLOYMENT_TARGET = 15.5;
				MARKETING_VERSION = 1.0;
				PRODUCT_BUNDLE_IDENTIFIER = com.salehmasum.TwitterCloneTests;
				PRODUCT_NAME = "$(TARGET_NAME)";
				SWIFT_EMIT_LOC_STRINGS = NO;
				SWIFT_VERSION = 5.0;
				TARGETED_DEVICE_FAMILY = "1,2";
				TEST_HOST = "$(BUILT_PRODUCTS_DIR)/TwitterClone.app/TwitterClone";
			};
			name = Debug;
		};
		512C814E28717D10007DB3C8 /* Release */ = {
			isa = XCBuildConfiguration;
			buildSettings = {
				ALWAYS_EMBED_SWIFT_STANDARD_LIBRARIES = YES;
				BUNDLE_LOADER = "$(TEST_HOST)";
				CODE_SIGN_STYLE = Automatic;
				CURRENT_PROJECT_VERSION = 1;
				DEVELOPMENT_TEAM = M5JCS9BP69;
				GENERATE_INFOPLIST_FILE = YES;
				IPHONEOS_DEPLOYMENT_TARGET = 15.5;
				MARKETING_VERSION = 1.0;
				PRODUCT_BUNDLE_IDENTIFIER = com.salehmasum.TwitterCloneTests;
				PRODUCT_NAME = "$(TARGET_NAME)";
				SWIFT_EMIT_LOC_STRINGS = NO;
				SWIFT_VERSION = 5.0;
				TARGETED_DEVICE_FAMILY = "1,2";
				TEST_HOST = "$(BUILT_PRODUCTS_DIR)/TwitterClone.app/TwitterClone";
			};
			name = Release;
		};
		512C815028717D10007DB3C8 /* Debug */ = {
			isa = XCBuildConfiguration;
			buildSettings = {
				ALWAYS_EMBED_SWIFT_STANDARD_LIBRARIES = YES;
				CODE_SIGN_STYLE = Automatic;
				CURRENT_PROJECT_VERSION = 1;
				DEVELOPMENT_TEAM = M5JCS9BP69;
				GENERATE_INFOPLIST_FILE = YES;
				MARKETING_VERSION = 1.0;
				PRODUCT_BUNDLE_IDENTIFIER = com.salehmasum.TwitterCloneUITests;
				PRODUCT_NAME = "$(TARGET_NAME)";
				SWIFT_EMIT_LOC_STRINGS = NO;
				SWIFT_VERSION = 5.0;
				TARGETED_DEVICE_FAMILY = "1,2";
				TEST_TARGET_NAME = TwitterClone;
			};
			name = Debug;
		};
		512C815128717D10007DB3C8 /* Release */ = {
			isa = XCBuildConfiguration;
			buildSettings = {
				ALWAYS_EMBED_SWIFT_STANDARD_LIBRARIES = YES;
				CODE_SIGN_STYLE = Automatic;
				CURRENT_PROJECT_VERSION = 1;
				DEVELOPMENT_TEAM = M5JCS9BP69;
				GENERATE_INFOPLIST_FILE = YES;
				MARKETING_VERSION = 1.0;
				PRODUCT_BUNDLE_IDENTIFIER = com.salehmasum.TwitterCloneUITests;
				PRODUCT_NAME = "$(TARGET_NAME)";
				SWIFT_EMIT_LOC_STRINGS = NO;
				SWIFT_VERSION = 5.0;
				TARGETED_DEVICE_FAMILY = "1,2";
				TEST_TARGET_NAME = TwitterClone;
			};
			name = Release;
		};
/* End XCBuildConfiguration section */

/* Begin XCConfigurationList section */
		512C811A28717D0D007DB3C8 /* Build configuration list for PBXProject "TwitterClone" */ = {
			isa = XCConfigurationList;
			buildConfigurations = (
				512C814728717D10007DB3C8 /* Debug */,
				512C814828717D10007DB3C8 /* Release */,
			);
			defaultConfigurationIsVisible = 0;
			defaultConfigurationName = Release;
		};
		512C814928717D10007DB3C8 /* Build configuration list for PBXNativeTarget "TwitterClone" */ = {
			isa = XCConfigurationList;
			buildConfigurations = (
				512C814A28717D10007DB3C8 /* Debug */,
				512C814B28717D10007DB3C8 /* Release */,
			);
			defaultConfigurationIsVisible = 0;
			defaultConfigurationName = Release;
		};
		512C814C28717D10007DB3C8 /* Build configuration list for PBXNativeTarget "TwitterCloneTests" */ = {
			isa = XCConfigurationList;
			buildConfigurations = (
				512C814D28717D10007DB3C8 /* Debug */,
				512C814E28717D10007DB3C8 /* Release */,
			);
			defaultConfigurationIsVisible = 0;
			defaultConfigurationName = Release;
		};
		512C814F28717D10007DB3C8 /* Build configuration list for PBXNativeTarget "TwitterCloneUITests" */ = {
			isa = XCConfigurationList;
			buildConfigurations = (
				512C815028717D10007DB3C8 /* Debug */,
				512C815128717D10007DB3C8 /* Release */,
			);
			defaultConfigurationIsVisible = 0;
			defaultConfigurationName = Release;
		};
/* End XCConfigurationList section */
	};
	rootObject = 512C811728717D0D007DB3C8 /* Project object */;
}
